// !$*UTF8*$!
{
	archiveVersion = 1;
	classes = {
	};
	objectVersion = 56;
	objects = {

/* Begin PBXBuildFile section */
		13CFB6DB2C1B7B0400474B92 /* Sidebar.swift in Sources */ = {isa = PBXBuildFile; fileRef = 13CFB6DA2C1B7B0400474B92 /* Sidebar.swift */; };
		13CFB6DD2C1B7B3B00474B92 /* FolderView.swift in Sources */ = {isa = PBXBuildFile; fileRef = 13CFB6DC2C1B7B3B00474B92 /* FolderView.swift */; };
		13CFB6E02C1B7B9B00474B92 /* DashboardContentArea.swift in Sources */ = {isa = PBXBuildFile; fileRef = 13CFB6DF2C1B7B9B00474B92 /* DashboardContentArea.swift */; };
		13CFB6E22C1B7BBE00474B92 /* HeaderView.swift in Sources */ = {isa = PBXBuildFile; fileRef = 13CFB6E12C1B7BBE00474B92 /* HeaderView.swift */; };
		13CFB6E42C1B7BD600474B92 /* DashboardView.swift in Sources */ = {isa = PBXBuildFile; fileRef = 13CFB6E32C1B7BD600474B92 /* DashboardView.swift */; };
		13CFB6E62C1B7C3200474B92 /* OverviewView.swift in Sources */ = {isa = PBXBuildFile; fileRef = 13CFB6E52C1B7C3200474B92 /* OverviewView.swift */; };
		13CFB6E82C1B7C5900474B92 /* NotificationView.swift in Sources */ = {isa = PBXBuildFile; fileRef = 13CFB6E72C1B7C5900474B92 /* NotificationView.swift */; };
		13CFB6EA2C1B7C8900474B92 /* SettingsView.swift in Sources */ = {isa = PBXBuildFile; fileRef = 13CFB6E92C1B7C8900474B92 /* SettingsView.swift */; };
		13CFB6EC2C1B7C9D00474B92 /* StarredView.swift in Sources */ = {isa = PBXBuildFile; fileRef = 13CFB6EB2C1B7C9D00474B92 /* StarredView.swift */; };
		13D3FED92C19B4F000D9179C /* mapApp.swift in Sources */ = {isa = PBXBuildFile; fileRef = 13D3FED82C19B4F000D9179C /* mapApp.swift */; };
		13D3FEDB2C19B4F000D9179C /* ContentView.swift in Sources */ = {isa = PBXBuildFile; fileRef = 13D3FEDA2C19B4F000D9179C /* ContentView.swift */; };
		13D3FEDF2C19B4F100D9179C /* Assets.xcassets in Resources */ = {isa = PBXBuildFile; fileRef = 13D3FEDE2C19B4F100D9179C /* Assets.xcassets */; };
		13D3FEE32C19B4F100D9179C /* Preview Assets.xcassets in Resources */ = {isa = PBXBuildFile; fileRef = 13D3FEE22C19B4F100D9179C /* Preview Assets.xcassets */; };
		13D3FEED2C19B4F200D9179C /* mapTests.swift in Sources */ = {isa = PBXBuildFile; fileRef = 13D3FEEC2C19B4F200D9179C /* mapTests.swift */; };
		13D3FEF72C19B4F200D9179C /* mapUITests.swift in Sources */ = {isa = PBXBuildFile; fileRef = 13D3FEF62C19B4F200D9179C /* mapUITests.swift */; };
		13D3FEF92C19B4F200D9179C /* mapUITestsLaunchTests.swift in Sources */ = {isa = PBXBuildFile; fileRef = 13D3FEF82C19B4F200D9179C /* mapUITestsLaunchTests.swift */; };
		13D3FF072C1ADC9900D9179C /* stack.swift in Sources */ = {isa = PBXBuildFile; fileRef = 13D3FF062C1ADC9900D9179C /* stack.swift */; };
		13D3FF092C1AE21200D9179C /* canvas.swift in Sources */ = {isa = PBXBuildFile; fileRef = 13D3FF082C1AE21200D9179C /* canvas.swift */; };
		13D3FF0B2C1AE23A00D9179C /* map.swift in Sources */ = {isa = PBXBuildFile; fileRef = 13D3FF0A2C1AE23A00D9179C /* map.swift */; };
		13D3FF0D2C1AE38F00D9179C /* note.swift in Sources */ = {isa = PBXBuildFile; fileRef = 13D3FF0C2C1AE38F00D9179C /* note.swift */; };
		13D3FF0F2C1AE3CA00D9179C /* style.swift in Sources */ = {isa = PBXBuildFile; fileRef = 13D3FF0E2C1AE3CA00D9179C /* style.swift */; };
		13D3FF112C1AE3EC00D9179C /* position.swift in Sources */ = {isa = PBXBuildFile; fileRef = 13D3FF102C1AE3EC00D9179C /* position.swift */; };
		13D3FF162C1AE59600D9179C /* StackView.swift in Sources */ = {isa = PBXBuildFile; fileRef = 13D3FF152C1AE59600D9179C /* StackView.swift */; };
		13D3FF182C1AE61300D9179C /* InfinityCanvas.swift in Sources */ = {isa = PBXBuildFile; fileRef = 13D3FF172C1AE61300D9179C /* InfinityCanvas.swift */; };
/* End PBXBuildFile section */

/* Begin PBXContainerItemProxy section */
		13D3FEE92C19B4F200D9179C /* PBXContainerItemProxy */ = {
			isa = PBXContainerItemProxy;
			containerPortal = 13D3FECD2C19B4F000D9179C /* Project object */;
			proxyType = 1;
			remoteGlobalIDString = 13D3FED42C19B4F000D9179C;
			remoteInfo = map;
		};
		13D3FEF32C19B4F200D9179C /* PBXContainerItemProxy */ = {
			isa = PBXContainerItemProxy;
			containerPortal = 13D3FECD2C19B4F000D9179C /* Project object */;
			proxyType = 1;
			remoteGlobalIDString = 13D3FED42C19B4F000D9179C;
			remoteInfo = map;
		};
/* End PBXContainerItemProxy section */

/* Begin PBXFileReference section */
		13CFB6DA2C1B7B0400474B92 /* Sidebar.swift */ = {isa = PBXFileReference; lastKnownFileType = sourcecode.swift; path = Sidebar.swift; sourceTree = "<group>"; };
		13CFB6DC2C1B7B3B00474B92 /* FolderView.swift */ = {isa = PBXFileReference; lastKnownFileType = sourcecode.swift; path = FolderView.swift; sourceTree = "<group>"; };
		13CFB6DF2C1B7B9B00474B92 /* DashboardContentArea.swift */ = {isa = PBXFileReference; lastKnownFileType = sourcecode.swift; path = DashboardContentArea.swift; sourceTree = "<group>"; };
		13CFB6E12C1B7BBE00474B92 /* HeaderView.swift */ = {isa = PBXFileReference; lastKnownFileType = sourcecode.swift; path = HeaderView.swift; sourceTree = "<group>"; };
		13CFB6E32C1B7BD600474B92 /* DashboardView.swift */ = {isa = PBXFileReference; lastKnownFileType = sourcecode.swift; path = DashboardView.swift; sourceTree = "<group>"; };
		13CFB6E52C1B7C3200474B92 /* OverviewView.swift */ = {isa = PBXFileReference; lastKnownFileType = sourcecode.swift; path = OverviewView.swift; sourceTree = "<group>"; };
		13CFB6E72C1B7C5900474B92 /* NotificationView.swift */ = {isa = PBXFileReference; lastKnownFileType = sourcecode.swift; path = NotificationView.swift; sourceTree = "<group>"; };
		13CFB6E92C1B7C8900474B92 /* SettingsView.swift */ = {isa = PBXFileReference; lastKnownFileType = sourcecode.swift; path = SettingsView.swift; sourceTree = "<group>"; };
		13CFB6EB2C1B7C9D00474B92 /* StarredView.swift */ = {isa = PBXFileReference; lastKnownFileType = sourcecode.swift; path = StarredView.swift; sourceTree = "<group>"; };
		13D3FED52C19B4F000D9179C /* map.app */ = {isa = PBXFileReference; explicitFileType = wrapper.application; includeInIndex = 0; path = map.app; sourceTree = BUILT_PRODUCTS_DIR; };
		13D3FED82C19B4F000D9179C /* mapApp.swift */ = {isa = PBXFileReference; lastKnownFileType = sourcecode.swift; path = mapApp.swift; sourceTree = "<group>"; };
		13D3FEDA2C19B4F000D9179C /* ContentView.swift */ = {isa = PBXFileReference; lastKnownFileType = sourcecode.swift; path = ContentView.swift; sourceTree = "<group>"; };
		13D3FEDE2C19B4F100D9179C /* Assets.xcassets */ = {isa = PBXFileReference; lastKnownFileType = folder.assetcatalog; path = Assets.xcassets; sourceTree = "<group>"; };
		13D3FEE02C19B4F100D9179C /* map.entitlements */ = {isa = PBXFileReference; lastKnownFileType = text.plist.entitlements; path = map.entitlements; sourceTree = "<group>"; };
		13D3FEE22C19B4F100D9179C /* Preview Assets.xcassets */ = {isa = PBXFileReference; lastKnownFileType = folder.assetcatalog; path = "Preview Assets.xcassets"; sourceTree = "<group>"; };
		13D3FEE82C19B4F200D9179C /* mapTests.xctest */ = {isa = PBXFileReference; explicitFileType = wrapper.cfbundle; includeInIndex = 0; path = mapTests.xctest; sourceTree = BUILT_PRODUCTS_DIR; };
		13D3FEEC2C19B4F200D9179C /* mapTests.swift */ = {isa = PBXFileReference; lastKnownFileType = sourcecode.swift; path = mapTests.swift; sourceTree = "<group>"; };
		13D3FEF22C19B4F200D9179C /* mapUITests.xctest */ = {isa = PBXFileReference; explicitFileType = wrapper.cfbundle; includeInIndex = 0; path = mapUITests.xctest; sourceTree = BUILT_PRODUCTS_DIR; };
		13D3FEF62C19B4F200D9179C /* mapUITests.swift */ = {isa = PBXFileReference; lastKnownFileType = sourcecode.swift; path = mapUITests.swift; sourceTree = "<group>"; };
		13D3FEF82C19B4F200D9179C /* mapUITestsLaunchTests.swift */ = {isa = PBXFileReference; lastKnownFileType = sourcecode.swift; path = mapUITestsLaunchTests.swift; sourceTree = "<group>"; };
		13D3FF062C1ADC9900D9179C /* stack.swift */ = {isa = PBXFileReference; lastKnownFileType = sourcecode.swift; path = stack.swift; sourceTree = "<group>"; };
		13D3FF082C1AE21200D9179C /* canvas.swift */ = {isa = PBXFileReference; lastKnownFileType = sourcecode.swift; path = canvas.swift; sourceTree = "<group>"; };
		13D3FF0A2C1AE23A00D9179C /* map.swift */ = {isa = PBXFileReference; lastKnownFileType = sourcecode.swift; path = map.swift; sourceTree = "<group>"; };
		13D3FF0C2C1AE38F00D9179C /* note.swift */ = {isa = PBXFileReference; lastKnownFileType = sourcecode.swift; path = note.swift; sourceTree = "<group>"; };
		13D3FF0E2C1AE3CA00D9179C /* style.swift */ = {isa = PBXFileReference; lastKnownFileType = sourcecode.swift; path = style.swift; sourceTree = "<group>"; };
		13D3FF102C1AE3EC00D9179C /* position.swift */ = {isa = PBXFileReference; lastKnownFileType = sourcecode.swift; path = position.swift; sourceTree = "<group>"; };
		13D3FF152C1AE59600D9179C /* StackView.swift */ = {isa = PBXFileReference; lastKnownFileType = sourcecode.swift; path = StackView.swift; sourceTree = "<group>"; };
		13D3FF172C1AE61300D9179C /* InfinityCanvas.swift */ = {isa = PBXFileReference; lastKnownFileType = sourcecode.swift; path = InfinityCanvas.swift; sourceTree = "<group>"; };
/* End PBXFileReference section */

/* Begin PBXFrameworksBuildPhase section */
		13D3FED22C19B4F000D9179C /* Frameworks */ = {
			isa = PBXFrameworksBuildPhase;
			buildActionMask = 2147483647;
			files = (
			);
			runOnlyForDeploymentPostprocessing = 0;
		};
		13D3FEE52C19B4F200D9179C /* Frameworks */ = {
			isa = PBXFrameworksBuildPhase;
			buildActionMask = 2147483647;
			files = (
			);
			runOnlyForDeploymentPostprocessing = 0;
		};
		13D3FEEF2C19B4F200D9179C /* Frameworks */ = {
			isa = PBXFrameworksBuildPhase;
			buildActionMask = 2147483647;
			files = (
			);
			runOnlyForDeploymentPostprocessing = 0;
		};
/* End PBXFrameworksBuildPhase section */

/* Begin PBXGroup section */
		13CFB6D92C1B7AF400474B92 /* dashboard */ = {
			isa = PBXGroup;
			children = (
				13CFB6DA2C1B7B0400474B92 /* Sidebar.swift */,
				13CFB6DC2C1B7B3B00474B92 /* FolderView.swift */,
				13CFB6DF2C1B7B9B00474B92 /* DashboardContentArea.swift */,
				13CFB6E12C1B7BBE00474B92 /* HeaderView.swift */,
				13CFB6E32C1B7BD600474B92 /* DashboardView.swift */,
				13CFB6E52C1B7C3200474B92 /* OverviewView.swift */,
				13CFB6E72C1B7C5900474B92 /* NotificationView.swift */,
				13CFB6E92C1B7C8900474B92 /* SettingsView.swift */,
				13CFB6EB2C1B7C9D00474B92 /* StarredView.swift */,
			);
			path = dashboard;
			sourceTree = "<group>";
		};
		13D3FECC2C19B4F000D9179C = {
			isa = PBXGroup;
			children = (
				13D3FED72C19B4F000D9179C /* map */,
				13D3FEEB2C19B4F200D9179C /* mapTests */,
				13D3FEF52C19B4F200D9179C /* mapUITests */,
				13D3FED62C19B4F000D9179C /* Products */,
			);
			sourceTree = "<group>";
		};
		13D3FED62C19B4F000D9179C /* Products */ = {
			isa = PBXGroup;
			children = (
				13D3FED52C19B4F000D9179C /* map.app */,
				13D3FEE82C19B4F200D9179C /* mapTests.xctest */,
				13D3FEF22C19B4F200D9179C /* mapUITests.xctest */,
			);
			name = Products;
			sourceTree = "<group>";
		};
		13D3FED72C19B4F000D9179C /* map */ = {
			isa = PBXGroup;
			children = (
				13D3FF122C1AE55700D9179C /* View */,
				13D3FF052C1ADC6F00D9179C /* Model */,
				13D3FED82C19B4F000D9179C /* mapApp.swift */,
				13D3FEDA2C19B4F000D9179C /* ContentView.swift */,
				13D3FEDE2C19B4F100D9179C /* Assets.xcassets */,
				13D3FEE02C19B4F100D9179C /* map.entitlements */,
				13D3FEE12C19B4F100D9179C /* Preview Content */,
			);
			path = map;
			sourceTree = "<group>";
		};
		13D3FEE12C19B4F100D9179C /* Preview Content */ = {
			isa = PBXGroup;
			children = (
				13D3FEE22C19B4F100D9179C /* Preview Assets.xcassets */,
			);
			path = "Preview Content";
			sourceTree = "<group>";
		};
		13D3FEEB2C19B4F200D9179C /* mapTests */ = {
			isa = PBXGroup;
			children = (
				13D3FEEC2C19B4F200D9179C /* mapTests.swift */,
			);
			path = mapTests;
			sourceTree = "<group>";
		};
		13D3FEF52C19B4F200D9179C /* mapUITests */ = {
			isa = PBXGroup;
			children = (
				13D3FEF62C19B4F200D9179C /* mapUITests.swift */,
				13D3FEF82C19B4F200D9179C /* mapUITestsLaunchTests.swift */,
			);
			path = mapUITests;
			sourceTree = "<group>";
		};
		13D3FF052C1ADC6F00D9179C /* Model */ = {
			isa = PBXGroup;
			children = (
				13D3FF062C1ADC9900D9179C /* stack.swift */,
				13D3FF082C1AE21200D9179C /* canvas.swift */,
				13D3FF0A2C1AE23A00D9179C /* map.swift */,
				13D3FF0C2C1AE38F00D9179C /* note.swift */,
				13D3FF0E2C1AE3CA00D9179C /* style.swift */,
				13D3FF102C1AE3EC00D9179C /* position.swift */,
			);
			path = Model;
			sourceTree = "<group>";
		};
		13D3FF122C1AE55700D9179C /* View */ = {
			isa = PBXGroup;
			children = (
				13CFB6D92C1B7AF400474B92 /* dashboard */,
				13D3FF152C1AE59600D9179C /* StackView.swift */,
				13D3FF172C1AE61300D9179C /* InfinityCanvas.swift */,
			);
			path = View;
			sourceTree = "<group>";
		};
/* End PBXGroup section */

/* Begin PBXNativeTarget section */
		13D3FED42C19B4F000D9179C /* map */ = {
			isa = PBXNativeTarget;
			buildConfigurationList = 13D3FEFC2C19B4F200D9179C /* Build configuration list for PBXNativeTarget "map" */;
			buildPhases = (
				13D3FED12C19B4F000D9179C /* Sources */,
				13D3FED22C19B4F000D9179C /* Frameworks */,
				13D3FED32C19B4F000D9179C /* Resources */,
			);
			buildRules = (
			);
			dependencies = (
			);
			name = map;
			productName = map;
			productReference = 13D3FED52C19B4F000D9179C /* map.app */;
			productType = "com.apple.product-type.application";
		};
		13D3FEE72C19B4F200D9179C /* mapTests */ = {
			isa = PBXNativeTarget;
			buildConfigurationList = 13D3FEFF2C19B4F200D9179C /* Build configuration list for PBXNativeTarget "mapTests" */;
			buildPhases = (
				13D3FEE42C19B4F200D9179C /* Sources */,
				13D3FEE52C19B4F200D9179C /* Frameworks */,
				13D3FEE62C19B4F200D9179C /* Resources */,
			);
			buildRules = (
			);
			dependencies = (
				13D3FEEA2C19B4F200D9179C /* PBXTargetDependency */,
			);
			name = mapTests;
			productName = mapTests;
			productReference = 13D3FEE82C19B4F200D9179C /* mapTests.xctest */;
			productType = "com.apple.product-type.bundle.unit-test";
		};
		13D3FEF12C19B4F200D9179C /* mapUITests */ = {
			isa = PBXNativeTarget;
			buildConfigurationList = 13D3FF022C19B4F200D9179C /* Build configuration list for PBXNativeTarget "mapUITests" */;
			buildPhases = (
				13D3FEEE2C19B4F200D9179C /* Sources */,
				13D3FEEF2C19B4F200D9179C /* Frameworks */,
				13D3FEF02C19B4F200D9179C /* Resources */,
			);
			buildRules = (
			);
			dependencies = (
				13D3FEF42C19B4F200D9179C /* PBXTargetDependency */,
			);
			name = mapUITests;
			productName = mapUITests;
			productReference = 13D3FEF22C19B4F200D9179C /* mapUITests.xctest */;
			productType = "com.apple.product-type.bundle.ui-testing";
		};
/* End PBXNativeTarget section */

/* Begin PBXProject section */
		13D3FECD2C19B4F000D9179C /* Project object */ = {
			isa = PBXProject;
			attributes = {
				BuildIndependentTargetsInParallel = 1;
				LastSwiftUpdateCheck = 1540;
				LastUpgradeCheck = 1540;
				TargetAttributes = {
					13D3FED42C19B4F000D9179C = {
						CreatedOnToolsVersion = 15.4;
					};
					13D3FEE72C19B4F200D9179C = {
						CreatedOnToolsVersion = 15.4;
						TestTargetID = 13D3FED42C19B4F000D9179C;
					};
					13D3FEF12C19B4F200D9179C = {
						CreatedOnToolsVersion = 15.4;
						TestTargetID = 13D3FED42C19B4F000D9179C;
					};
				};
			};
			buildConfigurationList = 13D3FED02C19B4F000D9179C /* Build configuration list for PBXProject "map" */;
			compatibilityVersion = "Xcode 14.0";
			developmentRegion = en;
			hasScannedForEncodings = 0;
			knownRegions = (
				en,
				Base,
			);
			mainGroup = 13D3FECC2C19B4F000D9179C;
			productRefGroup = 13D3FED62C19B4F000D9179C /* Products */;
			projectDirPath = "";
			projectRoot = "";
			targets = (
				13D3FED42C19B4F000D9179C /* map */,
				13D3FEE72C19B4F200D9179C /* mapTests */,
				13D3FEF12C19B4F200D9179C /* mapUITests */,
			);
		};
/* End PBXProject section */

/* Begin PBXResourcesBuildPhase section */
		13D3FED32C19B4F000D9179C /* Resources */ = {
			isa = PBXResourcesBuildPhase;
			buildActionMask = 2147483647;
			files = (
				13D3FEE32C19B4F100D9179C /* Preview Assets.xcassets in Resources */,
				13D3FEDF2C19B4F100D9179C /* Assets.xcassets in Resources */,
			);
			runOnlyForDeploymentPostprocessing = 0;
		};
		13D3FEE62C19B4F200D9179C /* Resources */ = {
			isa = PBXResourcesBuildPhase;
			buildActionMask = 2147483647;
			files = (
			);
			runOnlyForDeploymentPostprocessing = 0;
		};
		13D3FEF02C19B4F200D9179C /* Resources */ = {
			isa = PBXResourcesBuildPhase;
			buildActionMask = 2147483647;
			files = (
			);
			runOnlyForDeploymentPostprocessing = 0;
		};
/* End PBXResourcesBuildPhase section */

/* Begin PBXSourcesBuildPhase section */
		13D3FED12C19B4F000D9179C /* Sources */ = {
			isa = PBXSourcesBuildPhase;
			buildActionMask = 2147483647;
			files = (
				13D3FF0B2C1AE23A00D9179C /* map.swift in Sources */,
				13D3FF072C1ADC9900D9179C /* stack.swift in Sources */,
				13CFB6DD2C1B7B3B00474B92 /* FolderView.swift in Sources */,
				13CFB6EA2C1B7C8900474B92 /* SettingsView.swift in Sources */,
				13D3FEDB2C19B4F000D9179C /* ContentView.swift in Sources */,
				13D3FED92C19B4F000D9179C /* mapApp.swift in Sources */,
				13D3FF0D2C1AE38F00D9179C /* note.swift in Sources */,
				13CFB6E82C1B7C5900474B92 /* NotificationView.swift in Sources */,
				13D3FF162C1AE59600D9179C /* StackView.swift in Sources */,
				13CFB6E42C1B7BD600474B92 /* DashboardView.swift in Sources */,
				13CFB6EC2C1B7C9D00474B92 /* StarredView.swift in Sources */,
				13CFB6E02C1B7B9B00474B92 /* DashboardContentArea.swift in Sources */,
				13D3FF092C1AE21200D9179C /* canvas.swift in Sources */,
				13D3FF112C1AE3EC00D9179C /* position.swift in Sources */,
				13CFB6DB2C1B7B0400474B92 /* Sidebar.swift in Sources */,
				13D3FF0F2C1AE3CA00D9179C /* style.swift in Sources */,
				13D3FF182C1AE61300D9179C /* InfinityCanvas.swift in Sources */,
				13CFB6E22C1B7BBE00474B92 /* HeaderView.swift in Sources */,
				13CFB6E62C1B7C3200474B92 /* OverviewView.swift in Sources */,
			);
			runOnlyForDeploymentPostprocessing = 0;
		};
		13D3FEE42C19B4F200D9179C /* Sources */ = {
			isa = PBXSourcesBuildPhase;
			buildActionMask = 2147483647;
			files = (
				13D3FEED2C19B4F200D9179C /* mapTests.swift in Sources */,
			);
			runOnlyForDeploymentPostprocessing = 0;
		};
		13D3FEEE2C19B4F200D9179C /* Sources */ = {
			isa = PBXSourcesBuildPhase;
			buildActionMask = 2147483647;
			files = (
				13D3FEF72C19B4F200D9179C /* mapUITests.swift in Sources */,
				13D3FEF92C19B4F200D9179C /* mapUITestsLaunchTests.swift in Sources */,
			);
			runOnlyForDeploymentPostprocessing = 0;
		};
/* End PBXSourcesBuildPhase section */

/* Begin PBXTargetDependency section */
		13D3FEEA2C19B4F200D9179C /* PBXTargetDependency */ = {
			isa = PBXTargetDependency;
			target = 13D3FED42C19B4F000D9179C /* map */;
			targetProxy = 13D3FEE92C19B4F200D9179C /* PBXContainerItemProxy */;
		};
		13D3FEF42C19B4F200D9179C /* PBXTargetDependency */ = {
			isa = PBXTargetDependency;
			target = 13D3FED42C19B4F000D9179C /* map */;
			targetProxy = 13D3FEF32C19B4F200D9179C /* PBXContainerItemProxy */;
		};
/* End PBXTargetDependency section */

/* Begin XCBuildConfiguration section */
		13D3FEFA2C19B4F200D9179C /* Debug */ = {
			isa = XCBuildConfiguration;
			buildSettings = {
				ALWAYS_SEARCH_USER_PATHS = NO;
				ASSETCATALOG_COMPILER_GENERATE_SWIFT_ASSET_SYMBOL_EXTENSIONS = YES;
				CLANG_ANALYZER_NONNULL = YES;
				CLANG_ANALYZER_NUMBER_OBJECT_CONVERSION = YES_AGGRESSIVE;
				CLANG_CXX_LANGUAGE_STANDARD = "gnu++20";
				CLANG_ENABLE_MODULES = YES;
				CLANG_ENABLE_OBJC_ARC = YES;
				CLANG_ENABLE_OBJC_WEAK = YES;
				CLANG_WARN_BLOCK_CAPTURE_AUTORELEASING = YES;
				CLANG_WARN_BOOL_CONVERSION = YES;
				CLANG_WARN_COMMA = YES;
				CLANG_WARN_CONSTANT_CONVERSION = YES;
				CLANG_WARN_DEPRECATED_OBJC_IMPLEMENTATIONS = YES;
				CLANG_WARN_DIRECT_OBJC_ISA_USAGE = YES_ERROR;
				CLANG_WARN_DOCUMENTATION_COMMENTS = YES;
				CLANG_WARN_EMPTY_BODY = YES;
				CLANG_WARN_ENUM_CONVERSION = YES;
				CLANG_WARN_INFINITE_RECURSION = YES;
				CLANG_WARN_INT_CONVERSION = YES;
				CLANG_WARN_NON_LITERAL_NULL_CONVERSION = YES;
				CLANG_WARN_OBJC_IMPLICIT_RETAIN_SELF = YES;
				CLANG_WARN_OBJC_LITERAL_CONVERSION = YES;
				CLANG_WARN_OBJC_ROOT_CLASS = YES_ERROR;
				CLANG_WARN_QUOTED_INCLUDE_IN_FRAMEWORK_HEADER = YES;
				CLANG_WARN_RANGE_LOOP_ANALYSIS = YES;
				CLANG_WARN_STRICT_PROTOTYPES = YES;
				CLANG_WARN_SUSPICIOUS_MOVE = YES;
				CLANG_WARN_UNGUARDED_AVAILABILITY = YES_AGGRESSIVE;
				CLANG_WARN_UNREACHABLE_CODE = YES;
				CLANG_WARN__DUPLICATE_METHOD_MATCH = YES;
				COPY_PHASE_STRIP = NO;
				DEBUG_INFORMATION_FORMAT = dwarf;
				ENABLE_STRICT_OBJC_MSGSEND = YES;
				ENABLE_TESTABILITY = YES;
				ENABLE_USER_SCRIPT_SANDBOXING = YES;
				GCC_C_LANGUAGE_STANDARD = gnu17;
				GCC_DYNAMIC_NO_PIC = NO;
				GCC_NO_COMMON_BLOCKS = YES;
				GCC_OPTIMIZATION_LEVEL = 0;
				GCC_PREPROCESSOR_DEFINITIONS = (
					"DEBUG=1",
					"$(inherited)",
				);
				GCC_WARN_64_TO_32_BIT_CONVERSION = YES;
				GCC_WARN_ABOUT_RETURN_TYPE = YES_ERROR;
				GCC_WARN_UNDECLARED_SELECTOR = YES;
				GCC_WARN_UNINITIALIZED_AUTOS = YES_AGGRESSIVE;
				GCC_WARN_UNUSED_FUNCTION = YES;
				GCC_WARN_UNUSED_VARIABLE = YES;
				LOCALIZATION_PREFERS_STRING_CATALOGS = YES;
				MTL_ENABLE_DEBUG_INFO = INCLUDE_SOURCE;
				MTL_FAST_MATH = YES;
				ONLY_ACTIVE_ARCH = YES;
				SWIFT_ACTIVE_COMPILATION_CONDITIONS = "DEBUG $(inherited)";
				SWIFT_OPTIMIZATION_LEVEL = "-Onone";
			};
			name = Debug;
		};
		13D3FEFB2C19B4F200D9179C /* Release */ = {
			isa = XCBuildConfiguration;
			buildSettings = {
				ALWAYS_SEARCH_USER_PATHS = NO;
				ASSETCATALOG_COMPILER_GENERATE_SWIFT_ASSET_SYMBOL_EXTENSIONS = YES;
				CLANG_ANALYZER_NONNULL = YES;
				CLANG_ANALYZER_NUMBER_OBJECT_CONVERSION = YES_AGGRESSIVE;
				CLANG_CXX_LANGUAGE_STANDARD = "gnu++20";
				CLANG_ENABLE_MODULES = YES;
				CLANG_ENABLE_OBJC_ARC = YES;
				CLANG_ENABLE_OBJC_WEAK = YES;
				CLANG_WARN_BLOCK_CAPTURE_AUTORELEASING = YES;
				CLANG_WARN_BOOL_CONVERSION = YES;
				CLANG_WARN_COMMA = YES;
				CLANG_WARN_CONSTANT_CONVERSION = YES;
				CLANG_WARN_DEPRECATED_OBJC_IMPLEMENTATIONS = YES;
				CLANG_WARN_DIRECT_OBJC_ISA_USAGE = YES_ERROR;
				CLANG_WARN_DOCUMENTATION_COMMENTS = YES;
				CLANG_WARN_EMPTY_BODY = YES;
				CLANG_WARN_ENUM_CONVERSION = YES;
				CLANG_WARN_INFINITE_RECURSION = YES;
				CLANG_WARN_INT_CONVERSION = YES;
				CLANG_WARN_NON_LITERAL_NULL_CONVERSION = YES;
				CLANG_WARN_OBJC_IMPLICIT_RETAIN_SELF = YES;
				CLANG_WARN_OBJC_LITERAL_CONVERSION = YES;
				CLANG_WARN_OBJC_ROOT_CLASS = YES_ERROR;
				CLANG_WARN_QUOTED_INCLUDE_IN_FRAMEWORK_HEADER = YES;
				CLANG_WARN_RANGE_LOOP_ANALYSIS = YES;
				CLANG_WARN_STRICT_PROTOTYPES = YES;
				CLANG_WARN_SUSPICIOUS_MOVE = YES;
				CLANG_WARN_UNGUARDED_AVAILABILITY = YES_AGGRESSIVE;
				CLANG_WARN_UNREACHABLE_CODE = YES;
				CLANG_WARN__DUPLICATE_METHOD_MATCH = YES;
				COPY_PHASE_STRIP = NO;
				DEBUG_INFORMATION_FORMAT = "dwarf-with-dsym";
				ENABLE_NS_ASSERTIONS = NO;
				ENABLE_STRICT_OBJC_MSGSEND = YES;
				ENABLE_USER_SCRIPT_SANDBOXING = YES;
				GCC_C_LANGUAGE_STANDARD = gnu17;
				GCC_NO_COMMON_BLOCKS = YES;
				GCC_WARN_64_TO_32_BIT_CONVERSION = YES;
				GCC_WARN_ABOUT_RETURN_TYPE = YES_ERROR;
				GCC_WARN_UNDECLARED_SELECTOR = YES;
				GCC_WARN_UNINITIALIZED_AUTOS = YES_AGGRESSIVE;
				GCC_WARN_UNUSED_FUNCTION = YES;
				GCC_WARN_UNUSED_VARIABLE = YES;
				LOCALIZATION_PREFERS_STRING_CATALOGS = YES;
				MTL_ENABLE_DEBUG_INFO = NO;
				MTL_FAST_MATH = YES;
				SWIFT_COMPILATION_MODE = wholemodule;
			};
			name = Release;
		};
		13D3FEFD2C19B4F200D9179C /* Debug */ = {
			isa = XCBuildConfiguration;
			buildSettings = {
				ASSETCATALOG_COMPILER_APPICON_NAME = AppIcon;
				ASSETCATALOG_COMPILER_GLOBAL_ACCENT_COLOR_NAME = AccentColor;
				CODE_SIGN_ENTITLEMENTS = map/map.entitlements;
				CODE_SIGN_STYLE = Automatic;
				CURRENT_PROJECT_VERSION = 1;
				DEVELOPMENT_ASSET_PATHS = "\"map/Preview Content\"";
				DEVELOPMENT_TEAM = FRC6UQ7FZ7;
				ENABLE_HARDENED_RUNTIME = YES;
				ENABLE_PREVIEWS = YES;
				GENERATE_INFOPLIST_FILE = YES;
				"INFOPLIST_KEY_UIApplicationSceneManifest_Generation[sdk=iphoneos*]" = YES;
				"INFOPLIST_KEY_UIApplicationSceneManifest_Generation[sdk=iphonesimulator*]" = YES;
				"INFOPLIST_KEY_UIApplicationSupportsIndirectInputEvents[sdk=iphoneos*]" = YES;
				"INFOPLIST_KEY_UIApplicationSupportsIndirectInputEvents[sdk=iphonesimulator*]" = YES;
				"INFOPLIST_KEY_UILaunchScreen_Generation[sdk=iphoneos*]" = YES;
				"INFOPLIST_KEY_UILaunchScreen_Generation[sdk=iphonesimulator*]" = YES;
				"INFOPLIST_KEY_UIStatusBarStyle[sdk=iphoneos*]" = UIStatusBarStyleDefault;
				"INFOPLIST_KEY_UIStatusBarStyle[sdk=iphonesimulator*]" = UIStatusBarStyleDefault;
				INFOPLIST_KEY_UISupportedInterfaceOrientations_iPad = "UIInterfaceOrientationPortrait UIInterfaceOrientationPortraitUpsideDown UIInterfaceOrientationLandscapeLeft UIInterfaceOrientationLandscapeRight";
				INFOPLIST_KEY_UISupportedInterfaceOrientations_iPhone = "UIInterfaceOrientationPortrait UIInterfaceOrientationLandscapeLeft UIInterfaceOrientationLandscapeRight";
				IPHONEOS_DEPLOYMENT_TARGET = 17.5;
				LD_RUNPATH_SEARCH_PATHS = "@executable_path/Frameworks";
				"LD_RUNPATH_SEARCH_PATHS[sdk=macosx*]" = "@executable_path/../Frameworks";
				MACOSX_DEPLOYMENT_TARGET = 14.0;
				MARKETING_VERSION = 1.0;
				PRODUCT_BUNDLE_IDENTIFIER = com.doziestar.map;
				PRODUCT_NAME = "$(TARGET_NAME)";
				SDKROOT = auto;
				SUPPORTED_PLATFORMS = "iphoneos iphonesimulator macosx";
				SWIFT_EMIT_LOC_STRINGS = YES;
				SWIFT_VERSION = 5.0;
				TARGETED_DEVICE_FAMILY = "1,2";
			};
			name = Debug;
		};
		13D3FEFE2C19B4F200D9179C /* Release */ = {
			isa = XCBuildConfiguration;
			buildSettings = {
				ASSETCATALOG_COMPILER_APPICON_NAME = AppIcon;
				ASSETCATALOG_COMPILER_GLOBAL_ACCENT_COLOR_NAME = AccentColor;
				CODE_SIGN_ENTITLEMENTS = map/map.entitlements;
				CODE_SIGN_STYLE = Automatic;
				CURRENT_PROJECT_VERSION = 1;
				DEVELOPMENT_ASSET_PATHS = "\"map/Preview Content\"";
				DEVELOPMENT_TEAM = FRC6UQ7FZ7;
				ENABLE_HARDENED_RUNTIME = YES;
				ENABLE_PREVIEWS = YES;
				GENERATE_INFOPLIST_FILE = YES;
				"INFOPLIST_KEY_UIApplicationSceneManifest_Generation[sdk=iphoneos*]" = YES;
				"INFOPLIST_KEY_UIApplicationSceneManifest_Generation[sdk=iphonesimulator*]" = YES;
				"INFOPLIST_KEY_UIApplicationSupportsIndirectInputEvents[sdk=iphoneos*]" = YES;
				"INFOPLIST_KEY_UIApplicationSupportsIndirectInputEvents[sdk=iphonesimulator*]" = YES;
				"INFOPLIST_KEY_UILaunchScreen_Generation[sdk=iphoneos*]" = YES;
				"INFOPLIST_KEY_UILaunchScreen_Generation[sdk=iphonesimulator*]" = YES;
				"INFOPLIST_KEY_UIStatusBarStyle[sdk=iphoneos*]" = UIStatusBarStyleDefault;
				"INFOPLIST_KEY_UIStatusBarStyle[sdk=iphonesimulator*]" = UIStatusBarStyleDefault;
				INFOPLIST_KEY_UISupportedInterfaceOrientations_iPad = "UIInterfaceOrientationPortrait UIInterfaceOrientationPortraitUpsideDown UIInterfaceOrientationLandscapeLeft UIInterfaceOrientationLandscapeRight";
				INFOPLIST_KEY_UISupportedInterfaceOrientations_iPhone = "UIInterfaceOrientationPortrait UIInterfaceOrientationLandscapeLeft UIInterfaceOrientationLandscapeRight";
				IPHONEOS_DEPLOYMENT_TARGET = 17.5;
				LD_RUNPATH_SEARCH_PATHS = "@executable_path/Frameworks";
				"LD_RUNPATH_SEARCH_PATHS[sdk=macosx*]" = "@executable_path/../Frameworks";
				MACOSX_DEPLOYMENT_TARGET = 14.0;
				MARKETING_VERSION = 1.0;
				PRODUCT_BUNDLE_IDENTIFIER = com.doziestar.map;
				PRODUCT_NAME = "$(TARGET_NAME)";
				SDKROOT = auto;
				SUPPORTED_PLATFORMS = "iphoneos iphonesimulator macosx";
				SWIFT_EMIT_LOC_STRINGS = YES;
				SWIFT_VERSION = 5.0;
				TARGETED_DEVICE_FAMILY = "1,2";
			};
			name = Release;
		};
		13D3FF002C19B4F200D9179C /* Debug */ = {
			isa = XCBuildConfiguration;
			buildSettings = {
				ALWAYS_EMBED_SWIFT_STANDARD_LIBRARIES = YES;
				BUNDLE_LOADER = "$(TEST_HOST)";
				CODE_SIGN_STYLE = Automatic;
				CURRENT_PROJECT_VERSION = 1;
				DEVELOPMENT_TEAM = FRC6UQ7FZ7;
				GENERATE_INFOPLIST_FILE = YES;
				IPHONEOS_DEPLOYMENT_TARGET = 17.5;
				MACOSX_DEPLOYMENT_TARGET = 14.5;
				MARKETING_VERSION = 1.0;
				PRODUCT_BUNDLE_IDENTIFIER = com.doziestar.mapTests;
				PRODUCT_NAME = "$(TARGET_NAME)";
				SDKROOT = auto;
				SUPPORTED_PLATFORMS = "iphoneos iphonesimulator macosx";
				SWIFT_EMIT_LOC_STRINGS = NO;
				SWIFT_VERSION = 5.0;
				TARGETED_DEVICE_FAMILY = "1,2";
				TEST_HOST = "$(BUILT_PRODUCTS_DIR)/map.app/$(BUNDLE_EXECUTABLE_FOLDER_PATH)/map";
			};
			name = Debug;
		};
		13D3FF012C19B4F200D9179C /* Release */ = {
			isa = XCBuildConfiguration;
			buildSettings = {
				ALWAYS_EMBED_SWIFT_STANDARD_LIBRARIES = YES;
				BUNDLE_LOADER = "$(TEST_HOST)";
				CODE_SIGN_STYLE = Automatic;
				CURRENT_PROJECT_VERSION = 1;
				DEVELOPMENT_TEAM = FRC6UQ7FZ7;
				GENERATE_INFOPLIST_FILE = YES;
				IPHONEOS_DEPLOYMENT_TARGET = 17.5;
				MACOSX_DEPLOYMENT_TARGET = 14.5;
				MARKETING_VERSION = 1.0;
				PRODUCT_BUNDLE_IDENTIFIER = com.doziestar.mapTests;
				PRODUCT_NAME = "$(TARGET_NAME)";
				SDKROOT = auto;
				SUPPORTED_PLATFORMS = "iphoneos iphonesimulator macosx";
				SWIFT_EMIT_LOC_STRINGS = NO;
				SWIFT_VERSION = 5.0;
				TARGETED_DEVICE_FAMILY = "1,2";
				TEST_HOST = "$(BUILT_PRODUCTS_DIR)/map.app/$(BUNDLE_EXECUTABLE_FOLDER_PATH)/map";
			};
			name = Release;
		};
		13D3FF032C19B4F200D9179C /* Debug */ = {
			isa = XCBuildConfiguration;
			buildSettings = {
				ALWAYS_EMBED_SWIFT_STANDARD_LIBRARIES = YES;
				CODE_SIGN_STYLE = Automatic;
				CURRENT_PROJECT_VERSION = 1;
				DEVELOPMENT_TEAM = FRC6UQ7FZ7;
				GENERATE_INFOPLIST_FILE = YES;
				IPHONEOS_DEPLOYMENT_TARGET = 17.5;
				MACOSX_DEPLOYMENT_TARGET = 14.5;
				MARKETING_VERSION = 1.0;
				PRODUCT_BUNDLE_IDENTIFIER = com.doziestar.mapUITests;
				PRODUCT_NAME = "$(TARGET_NAME)";
				SDKROOT = auto;
				SUPPORTED_PLATFORMS = "iphoneos iphonesimulator macosx";
				SWIFT_EMIT_LOC_STRINGS = NO;
				SWIFT_VERSION = 5.0;
				TARGETED_DEVICE_FAMILY = "1,2";
				TEST_TARGET_NAME = map;
			};
			name = Debug;
		};
		13D3FF042C19B4F200D9179C /* Release */ = {
			isa = XCBuildConfiguration;
			buildSettings = {
				ALWAYS_EMBED_SWIFT_STANDARD_LIBRARIES = YES;
				CODE_SIGN_STYLE = Automatic;
				CURRENT_PROJECT_VERSION = 1;
				DEVELOPMENT_TEAM = FRC6UQ7FZ7;
				GENERATE_INFOPLIST_FILE = YES;
				IPHONEOS_DEPLOYMENT_TARGET = 17.5;
				MACOSX_DEPLOYMENT_TARGET = 14.5;
				MARKETING_VERSION = 1.0;
				PRODUCT_BUNDLE_IDENTIFIER = com.doziestar.mapUITests;
				PRODUCT_NAME = "$(TARGET_NAME)";
				SDKROOT = auto;
				SUPPORTED_PLATFORMS = "iphoneos iphonesimulator macosx";
				SWIFT_EMIT_LOC_STRINGS = NO;
				SWIFT_VERSION = 5.0;
				TARGETED_DEVICE_FAMILY = "1,2";
				TEST_TARGET_NAME = map;
			};
			name = Release;
		};
/* End XCBuildConfiguration section */

/* Begin XCConfigurationList section */
		13D3FED02C19B4F000D9179C /* Build configuration list for PBXProject "map" */ = {
			isa = XCConfigurationList;
			buildConfigurations = (
				13D3FEFA2C19B4F200D9179C /* Debug */,
				13D3FEFB2C19B4F200D9179C /* Release */,
			);
			defaultConfigurationIsVisible = 0;
			defaultConfigurationName = Release;
		};
		13D3FEFC2C19B4F200D9179C /* Build configuration list for PBXNativeTarget "map" */ = {
			isa = XCConfigurationList;
			buildConfigurations = (
				13D3FEFD2C19B4F200D9179C /* Debug */,
				13D3FEFE2C19B4F200D9179C /* Release */,
			);
			defaultConfigurationIsVisible = 0;
			defaultConfigurationName = Release;
		};
		13D3FEFF2C19B4F200D9179C /* Build configuration list for PBXNativeTarget "mapTests" */ = {
			isa = XCConfigurationList;
			buildConfigurations = (
				13D3FF002C19B4F200D9179C /* Debug */,
				13D3FF012C19B4F200D9179C /* Release */,
			);
			defaultConfigurationIsVisible = 0;
			defaultConfigurationName = Release;
		};
		13D3FF022C19B4F200D9179C /* Build configuration list for PBXNativeTarget "mapUITests" */ = {
			isa = XCConfigurationList;
			buildConfigurations = (
				13D3FF032C19B4F200D9179C /* Debug */,
				13D3FF042C19B4F200D9179C /* Release */,
			);
			defaultConfigurationIsVisible = 0;
			defaultConfigurationName = Release;
		};
/* End XCConfigurationList section */
	};
	rootObject = 13D3FECD2C19B4F000D9179C /* Project object */;
}
